
Microsoft Visual Studio Solution File, Format Version 12.00
# Visual Studio 15
VisualStudioVersion = 15.0.27703.2035
MinimumVisualStudioVersion = 10.0.40219.1
Project("{F2A71F9B-5D33-465A-A702-920D77279786}") = "Collatz", "Collatz\Collatz.fsproj", "{90B88183-BBC7-475B-9B13-F71F4F00068B}"
EndProject
Global
	GlobalSection(SolutionConfigurationPlatforms) = preSolution
		Debug|Any CPU = Debug|Any CPU
		Release|Any CPU = Release|Any CPU
	EndGlobalSection
	GlobalSection(ProjectConfigurationPlatforms) = postSolution
		{90B88183-BBC7-475B-9B13-F71F4F00068B}.Debug|Any CPU.ActiveCfg = Debug|Any CPU
		{90B88183-BBC7-475B-9B13-F71F4F00068B}.Debug|Any CPU.Build.0 = Debug|Any CPU
		{90B88183-BBC7-475B-9B13-F71F4F00068B}.Release|Any CPU.ActiveCfg = Release|Any CPU
		{90B88183-BBC7-475B-9B13-F71F4F00068B}.Release|Any CPU.Build.0 = Release|Any CPU
	EndGlobalSection
	GlobalSection(SolutionProperties) = preSolution
		HideSolutionNode = FALSE
	EndGlobalSection
	GlobalSection(ExtensibilityGlobals) = postSolution
		SolutionGuid = {B34976BD-A4E3-4E45-9D25-358D1AF206F8}
	EndGlobalSection
EndGlobal
